
Microsoft Visual Studio Solution File, Format Version 12.00
# Visual Studio Version 16
VisualStudioVersion = 16.0.30717.126
MinimumVisualStudioVersion = 10.0.40219.1
Project("{FAE04EC0-301F-11D3-BF4B-00C04F79EFBC}") = "tms", "tms\tms.csproj", "{D161A066-1CF3-45C9-A3CA-4B860AA43EEF}"
EndProject
Global
	GlobalSection(SolutionConfigurationPlatforms) = preSolution
		Debug|Any CPU = Debug|Any CPU
		Release|Any CPU = Release|Any CPU
	EndGlobalSection
	GlobalSection(ProjectConfigurationPlatforms) = postSolution
		{D161A066-1CF3-45C9-A3CA-4B860AA43EEF}.Debug|Any CPU.ActiveCfg = Debug|Any CPU
		{D161A066-1CF3-45C9-A3CA-4B860AA43EEF}.Debug|Any CPU.Build.0 = Debug|Any CPU
		{D161A066-1CF3-45C9-A3CA-4B860AA43EEF}.Release|Any CPU.ActiveCfg = Release|Any CPU
		{D161A066-1CF3-45C9-A3CA-4B860AA43EEF}.Release|Any CPU.Build.0 = Release|Any CPU
	EndGlobalSection
	GlobalSection(SolutionProperties) = preSolution
		HideSolutionNode = FALSE
	EndGlobalSection
	GlobalSection(ExtensibilityGlobals) = postSolution
		SolutionGuid = {DDAC125A-DC16-486A-94FE-92F7E5802235}
	EndGlobalSection
EndGlobal
